// !$*UTF8*$!
{
	archiveVersion = 1;
	classes = {
	};
	objectVersion = 46;
	objects = {

/* Begin PBXBuildFile section */
		750B63B62062441F006A167E /* AlipaySDK.framework in Frameworks */ = {isa = PBXBuildFile; fileRef = 750B63B32062441F006A167E /* AlipaySDK.framework */; };
		750B63BA206244AB006A167E /* libc++.tbd in Frameworks */ = {isa = PBXBuildFile; fileRef = 750B63B9206244AB006A167E /* libc++.tbd */; };
		750B63BC206244B5006A167E /* libz.tbd in Frameworks */ = {isa = PBXBuildFile; fileRef = 750B63BB206244B5006A167E /* libz.tbd */; };
		750B63BE206244C1006A167E /* SystemConfiguration.framework in Frameworks */ = {isa = PBXBuildFile; fileRef = 750B63BD206244C1006A167E /* SystemConfiguration.framework */; };
		750B63C0206244CB006A167E /* CoreTelephony.framework in Frameworks */ = {isa = PBXBuildFile; fileRef = 750B63BF206244CB006A167E /* CoreTelephony.framework */; };
		750B63C2206244D4006A167E /* QuartzCore.framework in Frameworks */ = {isa = PBXBuildFile; fileRef = 750B63C1206244D4006A167E /* QuartzCore.framework */; };
		750B63C4206244E6006A167E /* CoreText.framework in Frameworks */ = {isa = PBXBuildFile; fileRef = 750B63C3206244E6006A167E /* CoreText.framework */; };
		750B63C6206244F3006A167E /* CoreGraphics.framework in Frameworks */ = {isa = PBXBuildFile; fileRef = 750B63C5206244F3006A167E /* CoreGraphics.framework */; };
		750B63C8206244FD006A167E /* UIKit.framework in Frameworks */ = {isa = PBXBuildFile; fileRef = 750B63C7206244FD006A167E /* UIKit.framework */; };
		750B63CA20624508006A167E /* Foundation.framework in Frameworks */ = {isa = PBXBuildFile; fileRef = 750B63C920624507006A167E /* Foundation.framework */; };
		750B63CC20624510006A167E /* CFNetwork.framework in Frameworks */ = {isa = PBXBuildFile; fileRef = 750B63CB20624510006A167E /* CFNetwork.framework */; };
		750B63CE20624537006A167E /* CoreMotion.framework in Frameworks */ = {isa = PBXBuildFile; fileRef = 750B63CD20624537006A167E /* CoreMotion.framework */; };
		750B63D02062456B006A167E /* AlipaySDK.framework in Frameworks */ = {isa = PBXBuildFile; fileRef = 750B63CF2062456B006A167E /* AlipaySDK.framework */; };
		750B65542063B498006A167E /* AlipaySDK.framework in Frameworks */ = {isa = PBXBuildFile; fileRef = 750B65432063B498006A167E /* AlipaySDK.framework */; };
		750B65552063B498006A167E /* APAuthV2Info.m in Sources */ = {isa = PBXBuildFile; fileRef = 750B65452063B498006A167E /* APAuthV2Info.m */; };
		750B65562063B498006A167E /* libcrypto.a in Frameworks */ = {isa = PBXBuildFile; fileRef = 750B65462063B498006A167E /* libcrypto.a */; };
		750B65572063B498006A167E /* libssl.a in Frameworks */ = {isa = PBXBuildFile; fileRef = 750B65472063B498006A167E /* libssl.a */; };
		750B65582063B498006A167E /* base64.m in Sources */ = {isa = PBXBuildFile; fileRef = 750B654A2063B498006A167E /* base64.m */; };
		750B65592063B498006A167E /* NSDataEx.m in Sources */ = {isa = PBXBuildFile; fileRef = 750B654D2063B498006A167E /* NSDataEx.m */; };
		750B655A2063B498006A167E /* openssl_wrapper.m in Sources */ = {isa = PBXBuildFile; fileRef = 750B654F2063B498006A167E /* openssl_wrapper.m */; };
		750B655B2063B498006A167E /* RSADataSigner.m in Sources */ = {isa = PBXBuildFile; fileRef = 750B65512063B498006A167E /* RSADataSigner.m */; };
		750B655C2063B498006A167E /* RSADataVerifier.m in Sources */ = {isa = PBXBuildFile; fileRef = 750B65532063B498006A167E /* RSADataVerifier.m */; };
		750B671220650067006A167E /* AlipaySDK in Frameworks */ = {isa = PBXBuildFile; fileRef = 750B671120650067006A167E /* AlipaySDK */; };
		9F303CFA1E0B7B94002A4A05 /* RCTAliPay.m in Sources */ = {isa = PBXBuildFile; fileRef = 9F303CF91E0B7B94002A4A05 /* RCTAliPay.m */; };
/* End PBXBuildFile section */

/* Begin PBXCopyFilesBuildPhase section */
		9F303CF31E0B7B94002A4A05 /* CopyFiles */ = {
			isa = PBXCopyFilesBuildPhase;
			buildActionMask = 2147483647;
			dstPath = "include/$(PRODUCT_NAME)";
			dstSubfolderSpec = 16;
			files = (
			);
			runOnlyForDeploymentPostprocessing = 0;
		};
/* End PBXCopyFilesBuildPhase section */

/* Begin PBXFileReference section */
		750B63B32062441F006A167E /* AlipaySDK.framework */ = {isa = PBXFileReference; lastKnownFileType = wrapper.framework; path = AlipaySDK.framework; sourceTree = "<group>"; };
		750B63B52062441F006A167E /* AlipaySDK.bundle */ = {isa = PBXFileReference; lastKnownFileType = "wrapper.plug-in"; path = AlipaySDK.bundle; sourceTree = "<group>"; };
		750B63B9206244AB006A167E /* libc++.tbd */ = {isa = PBXFileReference; lastKnownFileType = "sourcecode.text-based-dylib-definition"; name = "libc++.tbd"; path = "usr/lib/libc++.tbd"; sourceTree = SDKROOT; };
		750B63BB206244B5006A167E /* libz.tbd */ = {isa = PBXFileReference; lastKnownFileType = "sourcecode.text-based-dylib-definition"; name = libz.tbd; path = usr/lib/libz.tbd; sourceTree = SDKROOT; };
		750B63BD206244C1006A167E /* SystemConfiguration.framework */ = {isa = PBXFileReference; lastKnownFileType = wrapper.framework; name = SystemConfiguration.framework; path = System/Library/Frameworks/SystemConfiguration.framework; sourceTree = SDKROOT; };
		750B63BF206244CB006A167E /* CoreTelephony.framework */ = {isa = PBXFileReference; lastKnownFileType = wrapper.framework; name = CoreTelephony.framework; path = System/Library/Frameworks/CoreTelephony.framework; sourceTree = SDKROOT; };
		750B63C1206244D4006A167E /* QuartzCore.framework */ = {isa = PBXFileReference; lastKnownFileType = wrapper.framework; name = QuartzCore.framework; path = System/Library/Frameworks/QuartzCore.framework; sourceTree = SDKROOT; };
		750B63C3206244E6006A167E /* CoreText.framework */ = {isa = PBXFileReference; lastKnownFileType = wrapper.framework; name = CoreText.framework; path = System/Library/Frameworks/CoreText.framework; sourceTree = SDKROOT; };
		750B63C5206244F3006A167E /* CoreGraphics.framework */ = {isa = PBXFileReference; lastKnownFileType = wrapper.framework; name = CoreGraphics.framework; path = System/Library/Frameworks/CoreGraphics.framework; sourceTree = SDKROOT; };
		750B63C7206244FD006A167E /* UIKit.framework */ = {isa = PBXFileReference; lastKnownFileType = wrapper.framework; name = UIKit.framework; path = System/Library/Frameworks/UIKit.framework; sourceTree = SDKROOT; };
		750B63C920624507006A167E /* Foundation.framework */ = {isa = PBXFileReference; lastKnownFileType = wrapper.framework; name = Foundation.framework; path = System/Library/Frameworks/Foundation.framework; sourceTree = SDKROOT; };
		750B63CB20624510006A167E /* CFNetwork.framework */ = {isa = PBXFileReference; lastKnownFileType = wrapper.framework; name = CFNetwork.framework; path = System/Library/Frameworks/CFNetwork.framework; sourceTree = SDKROOT; };
		750B63CD20624537006A167E /* CoreMotion.framework */ = {isa = PBXFileReference; lastKnownFileType = wrapper.framework; name = CoreMotion.framework; path = System/Library/Frameworks/CoreMotion.framework; sourceTree = SDKROOT; };
		750B63CF2062456B006A167E /* AlipaySDK.framework */ = {isa = PBXFileReference; lastKnownFileType = wrapper.framework; name = AlipaySDK.framework; path = ../Frameworks/AlipaySDK.framework; sourceTree = "<group>"; };
		750B65422063B498006A167E /* AlipaySDK.bundle */ = {isa = PBXFileReference; lastKnownFileType = "wrapper.plug-in"; path = AlipaySDK.bundle; sourceTree = "<group>"; };
		750B65432063B498006A167E /* AlipaySDK.framework */ = {isa = PBXFileReference; lastKnownFileType = wrapper.framework; path = AlipaySDK.framework; sourceTree = "<group>"; };
		750B65442063B498006A167E /* APAuthV2Info.h */ = {isa = PBXFileReference; fileEncoding = 4; lastKnownFileType = sourcecode.c.h; path = APAuthV2Info.h; sourceTree = "<group>"; };
		750B65452063B498006A167E /* APAuthV2Info.m */ = {isa = PBXFileReference; fileEncoding = 4; lastKnownFileType = sourcecode.c.objc; path = APAuthV2Info.m; sourceTree = "<group>"; };
		750B65462063B498006A167E /* libcrypto.a */ = {isa = PBXFileReference; lastKnownFileType = archive.ar; path = libcrypto.a; sourceTree = "<group>"; };
		750B65472063B498006A167E /* libssl.a */ = {isa = PBXFileReference; lastKnownFileType = archive.ar; path = libssl.a; sourceTree = "<group>"; };
		750B65492063B498006A167E /* base64.h */ = {isa = PBXFileReference; fileEncoding = 4; lastKnownFileType = sourcecode.c.h; path = base64.h; sourceTree = "<group>"; };
		750B654A2063B498006A167E /* base64.m */ = {isa = PBXFileReference; fileEncoding = 4; lastKnownFileType = sourcecode.c.objc; path = base64.m; sourceTree = "<group>"; };
		750B654B2063B498006A167E /* config.h */ = {isa = PBXFileReference; fileEncoding = 4; lastKnownFileType = sourcecode.c.h; path = config.h; sourceTree = "<group>"; };
		750B654C2063B498006A167E /* NSDataEx.h */ = {isa = PBXFileReference; fileEncoding = 4; lastKnownFileType = sourcecode.c.h; path = NSDataEx.h; sourceTree = "<group>"; };
		750B654D2063B498006A167E /* NSDataEx.m */ = {isa = PBXFileReference; fileEncoding = 4; lastKnownFileType = sourcecode.c.objc; path = NSDataEx.m; sourceTree = "<group>"; };
		750B654E2063B498006A167E /* openssl_wrapper.h */ = {isa = PBXFileReference; fileEncoding = 4; lastKnownFileType = sourcecode.c.h; path = openssl_wrapper.h; sourceTree = "<group>"; };
		750B654F2063B498006A167E /* openssl_wrapper.m */ = {isa = PBXFileReference; fileEncoding = 4; lastKnownFileType = sourcecode.c.objc; path = openssl_wrapper.m; sourceTree = "<group>"; };
		750B65502063B498006A167E /* RSADataSigner.h */ = {isa = PBXFileReference; fileEncoding = 4; lastKnownFileType = sourcecode.c.h; path = RSADataSigner.h; sourceTree = "<group>"; };
		750B65512063B498006A167E /* RSADataSigner.m */ = {isa = PBXFileReference; fileEncoding = 4; lastKnownFileType = sourcecode.c.objc; path = RSADataSigner.m; sourceTree = "<group>"; };
		750B65522063B498006A167E /* RSADataVerifier.h */ = {isa = PBXFileReference; fileEncoding = 4; lastKnownFileType = sourcecode.c.h; path = RSADataVerifier.h; sourceTree = "<group>"; };
		750B65532063B498006A167E /* RSADataVerifier.m */ = {isa = PBXFileReference; fileEncoding = 4; lastKnownFileType = sourcecode.c.objc; path = RSADataVerifier.m; sourceTree = "<group>"; };
		750B66452064A15A006A167E /* openssl */ = {isa = PBXFileReference; lastKnownFileType = folder; path = openssl; sourceTree = "<group>"; };
		750B671120650067006A167E /* AlipaySDK */ = {isa = PBXFileReference; lastKnownFileType = "compiled.mach-o.objfile"; name = AlipaySDK; path = AlipaySDK.framework/AlipaySDK; sourceTree = "<group>"; };
		9F303CF51E0B7B94002A4A05 /* libRCTAliPay.a */ = {isa = PBXFileReference; explicitFileType = archive.ar; includeInIndex = 0; path = libRCTAliPay.a; sourceTree = BUILT_PRODUCTS_DIR; };
		9F303CF81E0B7B94002A4A05 /* RCTAliPay.h */ = {isa = PBXFileReference; lastKnownFileType = sourcecode.c.h; path = RCTAliPay.h; sourceTree = "<group>"; };
		9F303CF91E0B7B94002A4A05 /* RCTAliPay.m */ = {isa = PBXFileReference; lastKnownFileType = sourcecode.c.objc; path = RCTAliPay.m; sourceTree = "<group>"; };
/* End PBXFileReference section */

/* Begin PBXFrameworksBuildPhase section */
		9F303CF21E0B7B94002A4A05 /* Frameworks */ = {
			isa = PBXFrameworksBuildPhase;
			buildActionMask = 2147483647;
			files = (
				750B65572063B498006A167E /* libssl.a in Frameworks */,
				750B63D02062456B006A167E /* AlipaySDK.framework in Frameworks */,
				750B63CE20624537006A167E /* CoreMotion.framework in Frameworks */,
				750B63CC20624510006A167E /* CFNetwork.framework in Frameworks */,
				750B671220650067006A167E /* AlipaySDK in Frameworks */,
				750B63CA20624508006A167E /* Foundation.framework in Frameworks */,
				750B63C8206244FD006A167E /* UIKit.framework in Frameworks */,
				750B63C6206244F3006A167E /* CoreGraphics.framework in Frameworks */,
				750B63C4206244E6006A167E /* CoreText.framework in Frameworks */,
				750B65542063B498006A167E /* AlipaySDK.framework in Frameworks */,
				750B63C2206244D4006A167E /* QuartzCore.framework in Frameworks */,
				750B63C0206244CB006A167E /* CoreTelephony.framework in Frameworks */,
				750B63BE206244C1006A167E /* SystemConfiguration.framework in Frameworks */,
				750B65562063B498006A167E /* libcrypto.a in Frameworks */,
				750B63BC206244B5006A167E /* libz.tbd in Frameworks */,
				750B63BA206244AB006A167E /* libc++.tbd in Frameworks */,
				750B63B62062441F006A167E /* AlipaySDK.framework in Frameworks */,
			);
			runOnlyForDeploymentPostprocessing = 0;
		};
/* End PBXFrameworksBuildPhase section */

/* Begin PBXGroup section */
		750B63B22062441F006A167E /* Frameworks */ = {
			isa = PBXGroup;
			children = (
				750B63B32062441F006A167E /* AlipaySDK.framework */,
			);
			name = Frameworks;
			path = "../../../../react-native-smart-alipay/ios/Frameworks";
			sourceTree = "<group>";
		};
		750B63B42062441F006A167E /* AliPayResouces */ = {
			isa = PBXGroup;
			children = (
				750B63B52062441F006A167E /* AlipaySDK.bundle */,
			);
			name = AliPayResouces;
			path = "../../../../react-native-smart-alipay/ios/AliPayResouces";
			sourceTree = "<group>";
		};
		750B63B72062444D006A167E /* Frameworks */ = {
			isa = PBXGroup;
			children = (
				750B63CF2062456B006A167E /* AlipaySDK.framework */,
				750B63CD20624537006A167E /* CoreMotion.framework */,
				750B63CB20624510006A167E /* CFNetwork.framework */,
				750B63C920624507006A167E /* Foundation.framework */,
				750B63C7206244FD006A167E /* UIKit.framework */,
				750B63C5206244F3006A167E /* CoreGraphics.framework */,
				750B63C3206244E6006A167E /* CoreText.framework */,
				750B63C1206244D4006A167E /* QuartzCore.framework */,
				750B63BF206244CB006A167E /* CoreTelephony.framework */,
				750B63BD206244C1006A167E /* SystemConfiguration.framework */,
				750B63BB206244B5006A167E /* libz.tbd */,
				750B63B9206244AB006A167E /* libc++.tbd */,
			);
			name = Frameworks;
			sourceTree = "<group>";
		};
		750B65412063B498006A167E /* Ali */ = {
			isa = PBXGroup;
			children = (
				750B671120650067006A167E /* AlipaySDK */,
				750B65422063B498006A167E /* AlipaySDK.bundle */,
				750B65432063B498006A167E /* AlipaySDK.framework */,
				750B65442063B498006A167E /* APAuthV2Info.h */,
				750B65452063B498006A167E /* APAuthV2Info.m */,
				750B65462063B498006A167E /* libcrypto.a */,
				750B65472063B498006A167E /* libssl.a */,
				750B65482063B498006A167E /* Util */,
			);
			path = Ali;
			sourceTree = "<group>";
		};
		750B65482063B498006A167E /* Util */ = {
			isa = PBXGroup;
			children = (
				750B65492063B498006A167E /* base64.h */,
				750B654A2063B498006A167E /* base64.m */,
				750B654B2063B498006A167E /* config.h */,
				750B654C2063B498006A167E /* NSDataEx.h */,
				750B654D2063B498006A167E /* NSDataEx.m */,
				750B654E2063B498006A167E /* openssl_wrapper.h */,
				750B654F2063B498006A167E /* openssl_wrapper.m */,
				750B65502063B498006A167E /* RSADataSigner.h */,
				750B65512063B498006A167E /* RSADataSigner.m */,
				750B65522063B498006A167E /* RSADataVerifier.h */,
				750B65532063B498006A167E /* RSADataVerifier.m */,
			);
			path = Util;
			sourceTree = "<group>";
		};
		9F303CEC1E0B7B94002A4A05 = {
			isa = PBXGroup;
			children = (
				9F303CF71E0B7B94002A4A05 /* RCTAliPay */,
				9F303CF61E0B7B94002A4A05 /* Products */,
				750B63B72062444D006A167E /* Frameworks */,
			);
			sourceTree = "<group>";
		};
		9F303CF61E0B7B94002A4A05 /* Products */ = {
			isa = PBXGroup;
			children = (
				9F303CF51E0B7B94002A4A05 /* libRCTAliPay.a */,
			);
			name = Products;
			sourceTree = "<group>";
		};
		9F303CF71E0B7B94002A4A05 /* RCTAliPay */ = {
			isa = PBXGroup;
			children = (
				750B66452064A15A006A167E /* openssl */,
				750B65412063B498006A167E /* Ali */,
				750B63B42062441F006A167E /* AliPayResouces */,
				750B63B22062441F006A167E /* Frameworks */,
				9F303CF81E0B7B94002A4A05 /* RCTAliPay.h */,
				9F303CF91E0B7B94002A4A05 /* RCTAliPay.m */,
			);
			path = RCTAliPay;
			sourceTree = "<group>";
		};
/* End PBXGroup section */

/* Begin PBXNativeTarget section */
		9F303CF41E0B7B94002A4A05 /* RCTAliPay */ = {
			isa = PBXNativeTarget;
			buildConfigurationList = 9F303CFE1E0B7B94002A4A05 /* Build configuration list for PBXNativeTarget "RCTAliPay" */;
			buildPhases = (
				9F303CF11E0B7B94002A4A05 /* Sources */,
				9F303CF21E0B7B94002A4A05 /* Frameworks */,
				9F303CF31E0B7B94002A4A05 /* CopyFiles */,
			);
			buildRules = (
			);
			dependencies = (
			);
			name = RCTAliPay;
			productName = RCTAliPay;
			productReference = 9F303CF51E0B7B94002A4A05 /* libRCTAliPay.a */;
			productType = "com.apple.product-type.library.static";
		};
/* End PBXNativeTarget section */

/* Begin PBXProject section */
		9F303CED1E0B7B94002A4A05 /* Project object */ = {
			isa = PBXProject;
			attributes = {
				LastUpgradeCheck = 0810;
				ORGANIZATIONNAME = "react-native-component";
				TargetAttributes = {
					9F303CF41E0B7B94002A4A05 = {
						CreatedOnToolsVersion = 8.1;
						ProvisioningStyle = Automatic;
					};
				};
			};
			buildConfigurationList = 9F303CF01E0B7B94002A4A05 /* Build configuration list for PBXProject "RCTAliPay" */;
			compatibilityVersion = "Xcode 3.2";
			developmentRegion = English;
			hasScannedForEncodings = 0;
			knownRegions = (
				en,
			);
			mainGroup = 9F303CEC1E0B7B94002A4A05;
			productRefGroup = 9F303CF61E0B7B94002A4A05 /* Products */;
			projectDirPath = "";
			projectRoot = "";
			targets = (
				9F303CF41E0B7B94002A4A05 /* RCTAliPay */,
			);
		};
/* End PBXProject section */

/* Begin PBXSourcesBuildPhase section */
		9F303CF11E0B7B94002A4A05 /* Sources */ = {
			isa = PBXSourcesBuildPhase;
			buildActionMask = 2147483647;
			files = (
				750B655B2063B498006A167E /* RSADataSigner.m in Sources */,
				750B65582063B498006A167E /* base64.m in Sources */,
				750B655A2063B498006A167E /* openssl_wrapper.m in Sources */,
				750B655C2063B498006A167E /* RSADataVerifier.m in Sources */,
				750B65592063B498006A167E /* NSDataEx.m in Sources */,
				750B65552063B498006A167E /* APAuthV2Info.m in Sources */,
				9F303CFA1E0B7B94002A4A05 /* RCTAliPay.m in Sources */,
			);
			runOnlyForDeploymentPostprocessing = 0;
		};
/* End PBXSourcesBuildPhase section */

/* Begin XCBuildConfiguration section */
		9F303CFC1E0B7B94002A4A05 /* Debug */ = {
			isa = XCBuildConfiguration;
			buildSettings = {
				ALWAYS_SEARCH_USER_PATHS = NO;
				CLANG_ANALYZER_NONNULL = YES;
				CLANG_CXX_LANGUAGE_STANDARD = "gnu++0x";
				CLANG_CXX_LIBRARY = "libc++";
				CLANG_ENABLE_MODULES = YES;
				CLANG_ENABLE_OBJC_ARC = YES;
				CLANG_WARN_BOOL_CONVERSION = YES;
				CLANG_WARN_CONSTANT_CONVERSION = YES;
				CLANG_WARN_DIRECT_OBJC_ISA_USAGE = YES_ERROR;
				CLANG_WARN_DOCUMENTATION_COMMENTS = YES;
				CLANG_WARN_EMPTY_BODY = YES;
				CLANG_WARN_ENUM_CONVERSION = YES;
				CLANG_WARN_INFINITE_RECURSION = YES;
				CLANG_WARN_INT_CONVERSION = YES;
				CLANG_WARN_OBJC_ROOT_CLASS = YES_ERROR;
				CLANG_WARN_SUSPICIOUS_MOVES = YES;
				CLANG_WARN_UNREACHABLE_CODE = YES;
				CLANG_WARN__DUPLICATE_METHOD_MATCH = YES;
				"CODE_SIGN_IDENTITY[sdk=iphoneos*]" = "iPhone Developer";
				COPY_PHASE_STRIP = NO;
				DEBUG_INFORMATION_FORMAT = dwarf;
				ENABLE_STRICT_OBJC_MSGSEND = YES;
				ENABLE_TESTABILITY = YES;
				GCC_C_LANGUAGE_STANDARD = gnu99;
				GCC_DYNAMIC_NO_PIC = NO;
				GCC_NO_COMMON_BLOCKS = YES;
				GCC_OPTIMIZATION_LEVEL = 0;
				GCC_PREPROCESSOR_DEFINITIONS = (
					"DEBUG=1",
					"$(inherited)",
				);
				GCC_WARN_64_TO_32_BIT_CONVERSION = YES;
				GCC_WARN_ABOUT_RETURN_TYPE = YES_ERROR;
				GCC_WARN_UNDECLARED_SELECTOR = YES;
				GCC_WARN_UNINITIALIZED_AUTOS = YES_AGGRESSIVE;
				GCC_WARN_UNUSED_FUNCTION = YES;
				GCC_WARN_UNUSED_VARIABLE = YES;
				IPHONEOS_DEPLOYMENT_TARGET = 10.1;
				MTL_ENABLE_DEBUG_INFO = YES;
				ONLY_ACTIVE_ARCH = YES;
				SDKROOT = iphoneos;
			};
			name = Debug;
		};
		9F303CFD1E0B7B94002A4A05 /* Release */ = {
			isa = XCBuildConfiguration;
			buildSettings = {
				ALWAYS_SEARCH_USER_PATHS = NO;
				CLANG_ANALYZER_NONNULL = YES;
				CLANG_CXX_LANGUAGE_STANDARD = "gnu++0x";
				CLANG_CXX_LIBRARY = "libc++";
				CLANG_ENABLE_MODULES = YES;
				CLANG_ENABLE_OBJC_ARC = YES;
				CLANG_WARN_BOOL_CONVERSION = YES;
				CLANG_WARN_CONSTANT_CONVERSION = YES;
				CLANG_WARN_DIRECT_OBJC_ISA_USAGE = YES_ERROR;
				CLANG_WARN_DOCUMENTATION_COMMENTS = YES;
				CLANG_WARN_EMPTY_BODY = YES;
				CLANG_WARN_ENUM_CONVERSION = YES;
				CLANG_WARN_INFINITE_RECURSION = YES;
				CLANG_WARN_INT_CONVERSION = YES;
				CLANG_WARN_OBJC_ROOT_CLASS = YES_ERROR;
				CLANG_WARN_SUSPICIOUS_MOVES = YES;
				CLANG_WARN_UNREACHABLE_CODE = YES;
				CLANG_WARN__DUPLICATE_METHOD_MATCH = YES;
				"CODE_SIGN_IDENTITY[sdk=iphoneos*]" = "iPhone Developer";
				COPY_PHASE_STRIP = NO;
				DEBUG_INFORMATION_FORMAT = "dwarf-with-dsym";
				ENABLE_NS_ASSERTIONS = NO;
				ENABLE_STRICT_OBJC_MSGSEND = YES;
				GCC_C_LANGUAGE_STANDARD = gnu99;
				GCC_NO_COMMON_BLOCKS = YES;
				GCC_WARN_64_TO_32_BIT_CONVERSION = YES;
				GCC_WARN_ABOUT_RETURN_TYPE = YES_ERROR;
				GCC_WARN_UNDECLARED_SELECTOR = YES;
				GCC_WARN_UNINITIALIZED_AUTOS = YES_AGGRESSIVE;
				GCC_WARN_UNUSED_FUNCTION = YES;
				GCC_WARN_UNUSED_VARIABLE = YES;
				IPHONEOS_DEPLOYMENT_TARGET = 10.1;
				MTL_ENABLE_DEBUG_INFO = NO;
				SDKROOT = iphoneos;
				VALIDATE_PRODUCT = YES;
			};
			name = Release;
		};
		9F303CFF1E0B7B94002A4A05 /* Debug */ = {
			isa = XCBuildConfiguration;
			buildSettings = {
				FRAMEWORK_SEARCH_PATHS = (
					"$(inherited)",
					"$(PROJECT_DIR)/RCTAliPay/Ali",
				);
				HEADER_SEARCH_PATHS = (
					"$(inherited)",
					"$(SRCROOT)/../../../react-native/React/**",
					"$(SRCROOT)/../../../react-native/Libraries",
					"$(SRCROOT)/RCTAliPay",
				);
				LIBRARY_SEARCH_PATHS = (
					"$(inherited)",
					"$(PROJECT_DIR)/RCTAliPay/Ali",
					"$(PROJECT_DIR)/RCTAliPay/openssl",
				);
				OTHER_LDFLAGS = "-ObjC";
				PRODUCT_NAME = "$(TARGET_NAME)";
				SKIP_INSTALL = YES;
			};
			name = Debug;
		};
		9F303D001E0B7B94002A4A05 /* Release */ = {
			isa = XCBuildConfiguration;
			buildSettings = {
				FRAMEWORK_SEARCH_PATHS = (
					"$(inherited)",
					"$(PROJECT_DIR)/RCTAliPay/Ali",
				);
				HEADER_SEARCH_PATHS = (
					"$(inherited)",
					"$(SRCROOT)/../../../react-native/React/**",
					"$(SRCROOT)/../../../react-native/Libraries",
					"$(SRCROOT)/RCTAliPay",
				);
				LIBRARY_SEARCH_PATHS = (
					"$(inherited)",
					"$(PROJECT_DIR)/RCTAliPay/Ali",
					"$(PROJECT_DIR)/RCTAliPay/openssl",
				);
				OTHER_LDFLAGS = "-ObjC";
				PRODUCT_NAME = "$(TARGET_NAME)";
				SKIP_INSTALL = YES;
			};
			name = Release;
		};
/* End XCBuildConfiguration section */

/* Begin XCConfigurationList section */
		9F303CF01E0B7B94002A4A05 /* Build configuration list for PBXProject "RCTAliPay" */ = {
			isa = XCConfigurationList;
			buildConfigurations = (
				9F303CFC1E0B7B94002A4A05 /* Debug */,
				9F303CFD1E0B7B94002A4A05 /* Release */,
			);
			defaultConfigurationIsVisible = 0;
			defaultConfigurationName = Release;
		};
		9F303CFE1E0B7B94002A4A05 /* Build configuration list for PBXNativeTarget "RCTAliPay" */ = {
			isa = XCConfigurationList;
			buildConfigurations = (
				9F303CFF1E0B7B94002A4A05 /* Debug */,
				9F303D001E0B7B94002A4A05 /* Release */,
			);
			defaultConfigurationIsVisible = 0;
			defaultConfigurationName = Release;
		};
/* End XCConfigurationList section */
	};
	rootObject = 9F303CED1E0B7B94002A4A05 /* Project object */;
}
